// !$*UTF8*$!
{
	archiveVersion = 1;
	classes = {
	};
	objectVersion = 55;
	objects = {

/* Begin PBXBuildFile section */
		41A9D80727E8E68900EC3958 /* LokagaruApp.swift in Sources */ = {isa = PBXBuildFile; fileRef = 41A9D80627E8E68900EC3958 /* LokagaruApp.swift */; };
		41A9D80927E8E68900EC3958 /* TunerView.swift in Sources */ = {isa = PBXBuildFile; fileRef = 41A9D80827E8E68900EC3958 /* TunerView.swift */; };
		41A9D80B27E8E68A00EC3958 /* Assets.xcassets in Resources */ = {isa = PBXBuildFile; fileRef = 41A9D80A27E8E68A00EC3958 /* Assets.xcassets */; };
		41A9D80E27E8E68A00EC3958 /* Preview Assets.xcassets in Resources */ = {isa = PBXBuildFile; fileRef = 41A9D80D27E8E68A00EC3958 /* Preview Assets.xcassets */; };
		41A9D81927FAD2A300EC3958 /* TranspositionMenu.swift in Sources */ = {isa = PBXBuildFile; fileRef = 41A9D81827FAD2A300EC3958 /* TranspositionMenu.swift */; };
		41A9D81B27FAD2D900EC3958 /* NoteDistanceMarkers.swift in Sources */ = {isa = PBXBuildFile; fileRef = 41A9D81A27FAD2D900EC3958 /* NoteDistanceMarkers.swift */; };
		41A9D81D27FAD2FE00EC3958 /* MatchedNoteView.swift in Sources */ = {isa = PBXBuildFile; fileRef = 41A9D81C27FAD2FE00EC3958 /* MatchedNoteView.swift */; };
		41A9D81F27FAD33000EC3958 /* MatchedNoteFrequency.swift in Sources */ = {isa = PBXBuildFile; fileRef = 41A9D81E27FAD33000EC3958 /* MatchedNoteFrequency.swift */; };
		41A9D82127FAD35700EC3958 /* MainNoteView.swift in Sources */ = {isa = PBXBuildFile; fileRef = 41A9D82027FAD35700EC3958 /* MainNoteView.swift */; };
		41A9D82327FAD37300EC3958 /* CurrentNoteMarker.swift in Sources */ = {isa = PBXBuildFile; fileRef = 41A9D82227FAD37300EC3958 /* CurrentNoteMarker.swift */; };
		41A9D82627FAD3B800EC3958 /* TunerData.swift in Sources */ = {isa = PBXBuildFile; fileRef = 41A9D82527FAD3B800EC3958 /* TunerData.swift */; };
		41A9D82827FAD3DA00EC3958 /* ScaleNote.swift in Sources */ = {isa = PBXBuildFile; fileRef = 41A9D82727FAD3DA00EC3958 /* ScaleNote.swift */; };
		41A9D82A27FAD41B00EC3958 /* ModifierPreference.swift in Sources */ = {isa = PBXBuildFile; fileRef = 41A9D82927FAD41B00EC3958 /* ModifierPreference.swift */; };
		41A9D82C27FAD44600EC3958 /* Frequency.swift in Sources */ = {isa = PBXBuildFile; fileRef = 41A9D82B27FAD44600EC3958 /* Frequency.swift */; };
		41A9D82F27FAD4A800EC3958 /* Alignment.swift in Sources */ = {isa = PBXBuildFile; fileRef = 41A9D82E27FAD4A800EC3958 /* Alignment.swift */; };
		41A9D83127FAD4C300EC3958 /* ColorAnimation.swift in Sources */ = {isa = PBXBuildFile; fileRef = 41A9D83027FAD4C300EC3958 /* ColorAnimation.swift */; };
		41A9D83327FAD4E100EC3958 /* TunerController.swift in Sources */ = {isa = PBXBuildFile; fileRef = 41A9D83227FAD4E100EC3958 /* TunerController.swift */; };
		41A9D83B27FADA0B00EC3958 /* SoundpipeAudioKit in Frameworks */ = {isa = PBXBuildFile; productRef = 41A9D83A27FADA0B00EC3958 /* SoundpipeAudioKit */; };
		41A9D871280A00E700EC3958 /* HexColorExtension.swift in Sources */ = {isa = PBXBuildFile; fileRef = 41A9D870280A00E700EC3958 /* HexColorExtension.swift */; };
/* End PBXBuildFile section */

/* Begin PBXFileReference section */
		41A9D80327E8E68900EC3958 /* Lokagaru.app */ = {isa = PBXFileReference; explicitFileType = wrapper.application; includeInIndex = 0; path = Lokagaru.app; sourceTree = BUILT_PRODUCTS_DIR; };
		41A9D80627E8E68900EC3958 /* LokagaruApp.swift */ = {isa = PBXFileReference; lastKnownFileType = sourcecode.swift; path = LokagaruApp.swift; sourceTree = "<group>"; };
		41A9D80827E8E68900EC3958 /* TunerView.swift */ = {isa = PBXFileReference; lastKnownFileType = sourcecode.swift; path = TunerView.swift; sourceTree = "<group>"; };
		41A9D80A27E8E68A00EC3958 /* Assets.xcassets */ = {isa = PBXFileReference; lastKnownFileType = folder.assetcatalog; path = Assets.xcassets; sourceTree = "<group>"; };
		41A9D80D27E8E68A00EC3958 /* Preview Assets.xcassets */ = {isa = PBXFileReference; lastKnownFileType = folder.assetcatalog; path = "Preview Assets.xcassets"; sourceTree = "<group>"; };
		41A9D81827FAD2A300EC3958 /* TranspositionMenu.swift */ = {isa = PBXFileReference; lastKnownFileType = sourcecode.swift; path = TranspositionMenu.swift; sourceTree = "<group>"; };
		41A9D81A27FAD2D900EC3958 /* NoteDistanceMarkers.swift */ = {isa = PBXFileReference; lastKnownFileType = sourcecode.swift; path = NoteDistanceMarkers.swift; sourceTree = "<group>"; };
		41A9D81C27FAD2FE00EC3958 /* MatchedNoteView.swift */ = {isa = PBXFileReference; lastKnownFileType = sourcecode.swift; path = MatchedNoteView.swift; sourceTree = "<group>"; };
		41A9D81E27FAD33000EC3958 /* MatchedNoteFrequency.swift */ = {isa = PBXFileReference; lastKnownFileType = sourcecode.swift; path = MatchedNoteFrequency.swift; sourceTree = "<group>"; };
		41A9D82027FAD35700EC3958 /* MainNoteView.swift */ = {isa = PBXFileReference; lastKnownFileType = sourcecode.swift; path = MainNoteView.swift; sourceTree = "<group>"; };
		41A9D82227FAD37300EC3958 /* CurrentNoteMarker.swift */ = {isa = PBXFileReference; lastKnownFileType = sourcecode.swift; path = CurrentNoteMarker.swift; sourceTree = "<group>"; };
		41A9D82527FAD3B800EC3958 /* TunerData.swift */ = {isa = PBXFileReference; lastKnownFileType = sourcecode.swift; path = TunerData.swift; sourceTree = "<group>"; };
		41A9D82727FAD3DA00EC3958 /* ScaleNote.swift */ = {isa = PBXFileReference; lastKnownFileType = sourcecode.swift; path = ScaleNote.swift; sourceTree = "<group>"; };
		41A9D82927FAD41B00EC3958 /* ModifierPreference.swift */ = {isa = PBXFileReference; lastKnownFileType = sourcecode.swift; path = ModifierPreference.swift; sourceTree = "<group>"; };
		41A9D82B27FAD44600EC3958 /* Frequency.swift */ = {isa = PBXFileReference; lastKnownFileType = sourcecode.swift; path = Frequency.swift; sourceTree = "<group>"; };
		41A9D82E27FAD4A800EC3958 /* Alignment.swift */ = {isa = PBXFileReference; lastKnownFileType = sourcecode.swift; path = Alignment.swift; sourceTree = "<group>"; };
		41A9D83027FAD4C300EC3958 /* ColorAnimation.swift */ = {isa = PBXFileReference; lastKnownFileType = sourcecode.swift; path = ColorAnimation.swift; sourceTree = "<group>"; };
		41A9D83227FAD4E100EC3958 /* TunerController.swift */ = {isa = PBXFileReference; lastKnownFileType = sourcecode.swift; path = TunerController.swift; sourceTree = "<group>"; };
		41A9D870280A00E700EC3958 /* HexColorExtension.swift */ = {isa = PBXFileReference; fileEncoding = 4; lastKnownFileType = sourcecode.swift; path = HexColorExtension.swift; sourceTree = "<group>"; };
/* End PBXFileReference section */

/* Begin PBXFrameworksBuildPhase section */
		41A9D80027E8E68900EC3958 /* Frameworks */ = {
			isa = PBXFrameworksBuildPhase;
			buildActionMask = 2147483647;
			files = (
				41A9D83B27FADA0B00EC3958 /* SoundpipeAudioKit in Frameworks */,
			);
			runOnlyForDeploymentPostprocessing = 0;
		};
/* End PBXFrameworksBuildPhase section */

/* Begin PBXGroup section */
		41A9D7FA27E8E68900EC3958 = {
			isa = PBXGroup;
			children = (
				41A9D80527E8E68900EC3958 /* Lokagaru */,
				41A9D80427E8E68900EC3958 /* Products */,
			);
			sourceTree = "<group>";
		};
		41A9D80427E8E68900EC3958 /* Products */ = {
			isa = PBXGroup;
			children = (
				41A9D80327E8E68900EC3958 /* Lokagaru.app */,
			);
			name = Products;
			sourceTree = "<group>";
		};
		41A9D80527E8E68900EC3958 /* Lokagaru */ = {
			isa = PBXGroup;
			children = (
				41A9D80A27E8E68A00EC3958 /* Assets.xcassets */,
				41A9D80627E8E68900EC3958 /* LokagaruApp.swift */,
				41A9D86D280A005600EC3958 /* ChromaticTuner */,
				41A9D86F280A00E700EC3958 /* Extensions */,
				41A9D80C27E8E68A00EC3958 /* Preview Content */,
			);
			path = Lokagaru;
			sourceTree = "<group>";
		};
		41A9D80C27E8E68A00EC3958 /* Preview Content */ = {
			isa = PBXGroup;
			children = (
				41A9D80D27E8E68A00EC3958 /* Preview Assets.xcassets */,
			);
			path = "Preview Content";
			sourceTree = "<group>";
		};
		41A9D81727FAD26D00EC3958 /* TunerViews */ = {
			isa = PBXGroup;
			children = (
				41A9D80827E8E68900EC3958 /* TunerView.swift */,
				41A9D81827FAD2A300EC3958 /* TranspositionMenu.swift */,
				41A9D81A27FAD2D900EC3958 /* NoteDistanceMarkers.swift */,
				41A9D81C27FAD2FE00EC3958 /* MatchedNoteView.swift */,
				41A9D81E27FAD33000EC3958 /* MatchedNoteFrequency.swift */,
				41A9D82027FAD35700EC3958 /* MainNoteView.swift */,
				41A9D82227FAD37300EC3958 /* CurrentNoteMarker.swift */,
			);
			path = TunerViews;
			sourceTree = "<group>";
		};
		41A9D82427FAD3A000EC3958 /* Models */ = {
			isa = PBXGroup;
			children = (
				41A9D82527FAD3B800EC3958 /* TunerData.swift */,
				41A9D82727FAD3DA00EC3958 /* ScaleNote.swift */,
				41A9D82927FAD41B00EC3958 /* ModifierPreference.swift */,
				41A9D82B27FAD44600EC3958 /* Frequency.swift */,
			);
			path = Models;
			sourceTree = "<group>";
		};
		41A9D82D27FAD49A00EC3958 /* Helpers */ = {
			isa = PBXGroup;
			children = (
				41A9D82E27FAD4A800EC3958 /* Alignment.swift */,
				41A9D83027FAD4C300EC3958 /* ColorAnimation.swift */,
				41A9D83227FAD4E100EC3958 /* TunerController.swift */,
			);
			path = Helpers;
			sourceTree = "<group>";
		};
		41A9D86D280A005600EC3958 /* ChromaticTuner */ = {
			isa = PBXGroup;
			children = (
				41A9D81727FAD26D00EC3958 /* TunerViews */,
				41A9D82427FAD3A000EC3958 /* Models */,
				41A9D82D27FAD49A00EC3958 /* Helpers */,
			);
			path = ChromaticTuner;
			sourceTree = "<group>";
		};
		41A9D86F280A00E700EC3958 /* Extensions */ = {
			isa = PBXGroup;
			children = (
				41A9D870280A00E700EC3958 /* HexColorExtension.swift */,
			);
			path = Extensions;
			sourceTree = "<group>";
		};
/* End PBXGroup section */

/* Begin PBXNativeTarget section */
		41A9D80227E8E68900EC3958 /* Lokagaru */ = {
			isa = PBXNativeTarget;
			buildConfigurationList = 41A9D81127E8E68A00EC3958 /* Build configuration list for PBXNativeTarget "Lokagaru" */;
			buildPhases = (
				41A9D7FF27E8E68900EC3958 /* Sources */,
				41A9D80027E8E68900EC3958 /* Frameworks */,
				41A9D80127E8E68900EC3958 /* Resources */,
			);
			buildRules = (
			);
			dependencies = (
			);
			name = Lokagaru;
			packageProductDependencies = (
				41A9D83A27FADA0B00EC3958 /* SoundpipeAudioKit */,
			);
			productName = Lokagaru;
			productReference = 41A9D80327E8E68900EC3958 /* Lokagaru.app */;
			productType = "com.apple.product-type.application";
		};
/* End PBXNativeTarget section */

/* Begin PBXProject section */
		41A9D7FB27E8E68900EC3958 /* Project object */ = {
			isa = PBXProject;
			attributes = {
				BuildIndependentTargetsInParallel = 1;
				LastSwiftUpdateCheck = 1330;
				LastUpgradeCheck = 1330;
				TargetAttributes = {
					41A9D80227E8E68900EC3958 = {
						CreatedOnToolsVersion = 13.3;
					};
				};
			};
			buildConfigurationList = 41A9D7FE27E8E68900EC3958 /* Build configuration list for PBXProject "Lokagaru" */;
			compatibilityVersion = "Xcode 13.0";
			developmentRegion = en;
			hasScannedForEncodings = 0;
			knownRegions = (
				en,
				Base,
			);
			mainGroup = 41A9D7FA27E8E68900EC3958;
			packageReferences = (
				41A9D83927FADA0B00EC3958 /* XCRemoteSwiftPackageReference "SoundpipeAudioKit" */,
				41A9D887280A093D00EC3958 /* XCRemoteSwiftPackageReference "AudioKit" */,
				41A9D88A280A095300EC3958 /* XCRemoteSwiftPackageReference "AudioKitEX" */,
			);
			productRefGroup = 41A9D80427E8E68900EC3958 /* Products */;
			projectDirPath = "";
			projectRoot = "";
			targets = (
				41A9D80227E8E68900EC3958 /* Lokagaru */,
			);
		};
/* End PBXProject section */

/* Begin PBXResourcesBuildPhase section */
		41A9D80127E8E68900EC3958 /* Resources */ = {
			isa = PBXResourcesBuildPhase;
			buildActionMask = 2147483647;
			files = (
				41A9D80E27E8E68A00EC3958 /* Preview Assets.xcassets in Resources */,
				41A9D80B27E8E68A00EC3958 /* Assets.xcassets in Resources */,
			);
			runOnlyForDeploymentPostprocessing = 0;
		};
/* End PBXResourcesBuildPhase section */

/* Begin PBXSourcesBuildPhase section */
		41A9D7FF27E8E68900EC3958 /* Sources */ = {
			isa = PBXSourcesBuildPhase;
			buildActionMask = 2147483647;
			files = (
				41A9D82827FAD3DA00EC3958 /* ScaleNote.swift in Sources */,
				41A9D82A27FAD41B00EC3958 /* ModifierPreference.swift in Sources */,
				41A9D82127FAD35700EC3958 /* MainNoteView.swift in Sources */,
				41A9D871280A00E700EC3958 /* HexColorExtension.swift in Sources */,
				41A9D81D27FAD2FE00EC3958 /* MatchedNoteView.swift in Sources */,
				41A9D81927FAD2A300EC3958 /* TranspositionMenu.swift in Sources */,
				41A9D82627FAD3B800EC3958 /* TunerData.swift in Sources */,
				41A9D80927E8E68900EC3958 /* TunerView.swift in Sources */,
				41A9D81B27FAD2D900EC3958 /* NoteDistanceMarkers.swift in Sources */,
				41A9D82F27FAD4A800EC3958 /* Alignment.swift in Sources */,
				41A9D82C27FAD44600EC3958 /* Frequency.swift in Sources */,
				41A9D82327FAD37300EC3958 /* CurrentNoteMarker.swift in Sources */,
				41A9D80727E8E68900EC3958 /* LokagaruApp.swift in Sources */,
				41A9D83327FAD4E100EC3958 /* TunerController.swift in Sources */,
				41A9D83127FAD4C300EC3958 /* ColorAnimation.swift in Sources */,
				41A9D81F27FAD33000EC3958 /* MatchedNoteFrequency.swift in Sources */,
			);
			runOnlyForDeploymentPostprocessing = 0;
		};
/* End PBXSourcesBuildPhase section */

/* Begin XCBuildConfiguration section */
		41A9D80F27E8E68A00EC3958 /* Debug */ = {
			isa = XCBuildConfiguration;
			buildSettings = {
				ALWAYS_SEARCH_USER_PATHS = NO;
				CLANG_ANALYZER_NONNULL = YES;
				CLANG_ANALYZER_NUMBER_OBJECT_CONVERSION = YES_AGGRESSIVE;
				CLANG_CXX_LANGUAGE_STANDARD = "gnu++17";
				CLANG_ENABLE_MODULES = YES;
				CLANG_ENABLE_OBJC_ARC = YES;
				CLANG_ENABLE_OBJC_WEAK = YES;
				CLANG_WARN_BLOCK_CAPTURE_AUTORELEASING = YES;
				CLANG_WARN_BOOL_CONVERSION = YES;
				CLANG_WARN_COMMA = YES;
				CLANG_WARN_CONSTANT_CONVERSION = YES;
				CLANG_WARN_DEPRECATED_OBJC_IMPLEMENTATIONS = YES;
				CLANG_WARN_DIRECT_OBJC_ISA_USAGE = YES_ERROR;
				CLANG_WARN_DOCUMENTATION_COMMENTS = YES;
				CLANG_WARN_EMPTY_BODY = YES;
				CLANG_WARN_ENUM_CONVERSION = YES;
				CLANG_WARN_INFINITE_RECURSION = YES;
				CLANG_WARN_INT_CONVERSION = YES;
				CLANG_WARN_NON_LITERAL_NULL_CONVERSION = YES;
				CLANG_WARN_OBJC_IMPLICIT_RETAIN_SELF = YES;
				CLANG_WARN_OBJC_LITERAL_CONVERSION = YES;
				CLANG_WARN_OBJC_ROOT_CLASS = YES_ERROR;
				CLANG_WARN_QUOTED_INCLUDE_IN_FRAMEWORK_HEADER = YES;
				CLANG_WARN_RANGE_LOOP_ANALYSIS = YES;
				CLANG_WARN_STRICT_PROTOTYPES = YES;
				CLANG_WARN_SUSPICIOUS_MOVE = YES;
				CLANG_WARN_UNGUARDED_AVAILABILITY = YES_AGGRESSIVE;
				CLANG_WARN_UNREACHABLE_CODE = YES;
				CLANG_WARN__DUPLICATE_METHOD_MATCH = YES;
				COPY_PHASE_STRIP = NO;
				DEBUG_INFORMATION_FORMAT = dwarf;
				ENABLE_STRICT_OBJC_MSGSEND = YES;
				ENABLE_TESTABILITY = YES;
				GCC_C_LANGUAGE_STANDARD = gnu11;
				GCC_DYNAMIC_NO_PIC = NO;
				GCC_NO_COMMON_BLOCKS = YES;
				GCC_OPTIMIZATION_LEVEL = 0;
				GCC_PREPROCESSOR_DEFINITIONS = (
					"DEBUG=1",
					"$(inherited)",
				);
				GCC_WARN_64_TO_32_BIT_CONVERSION = YES;
				GCC_WARN_ABOUT_RETURN_TYPE = YES_ERROR;
				GCC_WARN_UNDECLARED_SELECTOR = YES;
				GCC_WARN_UNINITIALIZED_AUTOS = YES_AGGRESSIVE;
				GCC_WARN_UNUSED_FUNCTION = YES;
				GCC_WARN_UNUSED_VARIABLE = YES;
				IPHONEOS_DEPLOYMENT_TARGET = 15.4;
				MTL_ENABLE_DEBUG_INFO = INCLUDE_SOURCE;
				MTL_FAST_MATH = YES;
				ONLY_ACTIVE_ARCH = YES;
				SDKROOT = iphoneos;
				SWIFT_ACTIVE_COMPILATION_CONDITIONS = DEBUG;
				SWIFT_OPTIMIZATION_LEVEL = "-Onone";
			};
			name = Debug;
		};
		41A9D81027E8E68A00EC3958 /* Release */ = {
			isa = XCBuildConfiguration;
			buildSettings = {
				ALWAYS_SEARCH_USER_PATHS = NO;
				CLANG_ANALYZER_NONNULL = YES;
				CLANG_ANALYZER_NUMBER_OBJECT_CONVERSION = YES_AGGRESSIVE;
				CLANG_CXX_LANGUAGE_STANDARD = "gnu++17";
				CLANG_ENABLE_MODULES = YES;
				CLANG_ENABLE_OBJC_ARC = YES;
				CLANG_ENABLE_OBJC_WEAK = YES;
				CLANG_WARN_BLOCK_CAPTURE_AUTORELEASING = YES;
				CLANG_WARN_BOOL_CONVERSION = YES;
				CLANG_WARN_COMMA = YES;
				CLANG_WARN_CONSTANT_CONVERSION = YES;
				CLANG_WARN_DEPRECATED_OBJC_IMPLEMENTATIONS = YES;
				CLANG_WARN_DIRECT_OBJC_ISA_USAGE = YES_ERROR;
				CLANG_WARN_DOCUMENTATION_COMMENTS = YES;
				CLANG_WARN_EMPTY_BODY = YES;
				CLANG_WARN_ENUM_CONVERSION = YES;
				CLANG_WARN_INFINITE_RECURSION = YES;
				CLANG_WARN_INT_CONVERSION = YES;
				CLANG_WARN_NON_LITERAL_NULL_CONVERSION = YES;
				CLANG_WARN_OBJC_IMPLICIT_RETAIN_SELF = YES;
				CLANG_WARN_OBJC_LITERAL_CONVERSION = YES;
				CLANG_WARN_OBJC_ROOT_CLASS = YES_ERROR;
				CLANG_WARN_QUOTED_INCLUDE_IN_FRAMEWORK_HEADER = YES;
				CLANG_WARN_RANGE_LOOP_ANALYSIS = YES;
				CLANG_WARN_STRICT_PROTOTYPES = YES;
				CLANG_WARN_SUSPICIOUS_MOVE = YES;
				CLANG_WARN_UNGUARDED_AVAILABILITY = YES_AGGRESSIVE;
				CLANG_WARN_UNREACHABLE_CODE = YES;
				CLANG_WARN__DUPLICATE_METHOD_MATCH = YES;
				COPY_PHASE_STRIP = NO;
				DEBUG_INFORMATION_FORMAT = "dwarf-with-dsym";
				ENABLE_NS_ASSERTIONS = NO;
				ENABLE_STRICT_OBJC_MSGSEND = YES;
				GCC_C_LANGUAGE_STANDARD = gnu11;
				GCC_NO_COMMON_BLOCKS = YES;
				GCC_WARN_64_TO_32_BIT_CONVERSION = YES;
				GCC_WARN_ABOUT_RETURN_TYPE = YES_ERROR;
				GCC_WARN_UNDECLARED_SELECTOR = YES;
				GCC_WARN_UNINITIALIZED_AUTOS = YES_AGGRESSIVE;
				GCC_WARN_UNUSED_FUNCTION = YES;
				GCC_WARN_UNUSED_VARIABLE = YES;
				IPHONEOS_DEPLOYMENT_TARGET = 15.4;
				MTL_ENABLE_DEBUG_INFO = NO;
				MTL_FAST_MATH = YES;
				SDKROOT = iphoneos;
				SWIFT_COMPILATION_MODE = wholemodule;
				SWIFT_OPTIMIZATION_LEVEL = "-O";
				VALIDATE_PRODUCT = YES;
			};
			name = Release;
		};
		41A9D81227E8E68A00EC3958 /* Debug */ = {
			isa = XCBuildConfiguration;
			buildSettings = {
				ASSETCATALOG_COMPILER_APPICON_NAME = AppIcon;
				ASSETCATALOG_COMPILER_GLOBAL_ACCENT_COLOR_NAME = AccentColor;
				CODE_SIGN_IDENTITY = "Apple Development";
				CODE_SIGN_STYLE = Automatic;
				CURRENT_PROJECT_VERSION = 1;
				DEVELOPMENT_ASSET_PATHS = "\"Lokagaru/Preview Content\"";
				DEVELOPMENT_TEAM = Z9NXKK53HS;
				ENABLE_PREVIEWS = YES;
				GENERATE_INFOPLIST_FILE = YES;
				INFOPLIST_KEY_NSMicrophoneUsageDescription = "We use the microphone as an input device to the tuner.";
				INFOPLIST_KEY_UIApplicationSceneManifest_Generation = YES;
				INFOPLIST_KEY_UIApplicationSupportsIndirectInputEvents = YES;
				INFOPLIST_KEY_UILaunchScreen_Generation = YES;
				INFOPLIST_KEY_UISupportedInterfaceOrientations_iPad = "UIInterfaceOrientationPortrait UIInterfaceOrientationPortraitUpsideDown UIInterfaceOrientationLandscapeLeft UIInterfaceOrientationLandscapeRight";
				INFOPLIST_KEY_UISupportedInterfaceOrientations_iPhone = "UIInterfaceOrientationPortrait UIInterfaceOrientationLandscapeLeft UIInterfaceOrientationLandscapeRight";
				IPHONEOS_DEPLOYMENT_TARGET = 15.4;
				LD_RUNPATH_SEARCH_PATHS = (
					"$(inherited)",
					"@executable_path/Frameworks",
				);
				MARKETING_VERSION = 1.1;
				PRODUCT_BUNDLE_IDENTIFIER = com.hunterdowney.lokagaru;
				PRODUCT_NAME = "$(TARGET_NAME)";
				PROVISIONING_PROFILE_SPECIFIER = "";
				SWIFT_EMIT_LOC_STRINGS = YES;
				SWIFT_VERSION = 5.0;
				TARGETED_DEVICE_FAMILY = "1,2";
			};
			name = Debug;
		};
		41A9D81327E8E68A00EC3958 /* Release */ = {
			isa = XCBuildConfiguration;
			buildSettings = {
				ASSETCATALOG_COMPILER_APPICON_NAME = AppIcon;
				ASSETCATALOG_COMPILER_GLOBAL_ACCENT_COLOR_NAME = AccentColor;
				CODE_SIGN_IDENTITY = "Apple Development";
				CODE_SIGN_STYLE = Automatic;
				CURRENT_PROJECT_VERSION = 1;
				DEVELOPMENT_ASSET_PATHS = "\"Lokagaru/Preview Content\"";
				DEVELOPMENT_TEAM = Z9NXKK53HS;
				ENABLE_PREVIEWS = YES;
				GENERATE_INFOPLIST_FILE = YES;
				INFOPLIST_KEY_NSMicrophoneUsageDescription = "We use the microphone as an input device to the tuner.";
				INFOPLIST_KEY_UIApplicationSceneManifest_Generation = YES;
				INFOPLIST_KEY_UIApplicationSupportsIndirectInputEvents = YES;
				INFOPLIST_KEY_UILaunchScreen_Generation = YES;
				INFOPLIST_KEY_UISupportedInterfaceOrientations_iPad = "UIInterfaceOrientationPortrait UIInterfaceOrientationPortraitUpsideDown UIInterfaceOrientationLandscapeLeft UIInterfaceOrientationLandscapeRight";
				INFOPLIST_KEY_UISupportedInterfaceOrientations_iPhone = "UIInterfaceOrientationPortrait UIInterfaceOrientationLandscapeLeft UIInterfaceOrientationLandscapeRight";
				IPHONEOS_DEPLOYMENT_TARGET = 15.4;
				LD_RUNPATH_SEARCH_PATHS = (
					"$(inherited)",
					"@executable_path/Frameworks",
				);
				MARKETING_VERSION = 1.1;
				PRODUCT_BUNDLE_IDENTIFIER = com.hunterdowney.lokagaru;
				PRODUCT_NAME = "$(TARGET_NAME)";
				PROVISIONING_PROFILE_SPECIFIER = "";
				SWIFT_EMIT_LOC_STRINGS = YES;
				SWIFT_VERSION = 5.0;
				TARGETED_DEVICE_FAMILY = "1,2";
			};
			name = Release;
		};
/* End XCBuildConfiguration section */

/* Begin XCConfigurationList section */
		41A9D7FE27E8E68900EC3958 /* Build configuration list for PBXProject "Lokagaru" */ = {
			isa = XCConfigurationList;
			buildConfigurations = (
				41A9D80F27E8E68A00EC3958 /* Debug */,
				41A9D81027E8E68A00EC3958 /* Release */,
			);
			defaultConfigurationIsVisible = 0;
			defaultConfigurationName = Release;
		};
		41A9D81127E8E68A00EC3958 /* Build configuration list for PBXNativeTarget "Lokagaru" */ = {
			isa = XCConfigurationList;
			buildConfigurations = (
				41A9D81227E8E68A00EC3958 /* Debug */,
				41A9D81327E8E68A00EC3958 /* Release */,
			);
			defaultConfigurationIsVisible = 0;
			defaultConfigurationName = Release;
		};
/* End XCConfigurationList section */

/* Begin XCRemoteSwiftPackageReference section */
		41A9D83927FADA0B00EC3958 /* XCRemoteSwiftPackageReference "SoundpipeAudioKit" */ = {
			isa = XCRemoteSwiftPackageReference;
			repositoryURL = "https://github.com/AudioKit/SoundpipeAudioKit.git";
			requirement = {
				kind = upToNextMajorVersion;
				minimumVersion = 5.0.0;
			};
		};
		41A9D887280A093D00EC3958 /* XCRemoteSwiftPackageReference "AudioKit" */ = {
			isa = XCRemoteSwiftPackageReference;
			repositoryURL = "https://github.com/AudioKit/AudioKit.git";
			requirement = {
				kind = upToNextMajorVersion;
				minimumVersion = 5.0.0;
			};
		};
		41A9D88A280A095300EC3958 /* XCRemoteSwiftPackageReference "AudioKitEX" */ = {
			isa = XCRemoteSwiftPackageReference;
			repositoryURL = "https://github.com/AudioKit/AudioKitEX.git";
			requirement = {
				kind = upToNextMajorVersion;
				minimumVersion = 5.0.0;
			};
		};
/* End XCRemoteSwiftPackageReference section */

/* Begin XCSwiftPackageProductDependency section */
		41A9D83A27FADA0B00EC3958 /* SoundpipeAudioKit */ = {
			isa = XCSwiftPackageProductDependency;
			package = 41A9D83927FADA0B00EC3958 /* XCRemoteSwiftPackageReference "SoundpipeAudioKit" */;
			productName = SoundpipeAudioKit;
		};
/* End XCSwiftPackageProductDependency section */
	};
	rootObject = 41A9D7FB27E8E68900EC3958 /* Project object */;
}
